
Microsoft Visual Studio Solution File, Format Version 12.00
# Visual Studio Version 17
VisualStudioVersion = 17.6.33801.468
MinimumVisualStudioVersion = 10.0.40219.1
Project("{FAE04EC0-301F-11D3-BF4B-00C04F79EFBC}") = "03-TipoString", "03-TipoString\03-TipoString.csproj", "{7ED5D32B-3E6A-4485-BD0F-F070104243EC}"
EndProject
Global
	GlobalSection(SolutionConfigurationPlatforms) = preSolution
		Debug|Any CPU = Debug|Any CPU
		Release|Any CPU = Release|Any CPU
	EndGlobalSection
	GlobalSection(ProjectConfigurationPlatforms) = postSolution
		{7ED5D32B-3E6A-4485-BD0F-F070104243EC}.Debug|Any CPU.ActiveCfg = Debug|Any CPU
		{7ED5D32B-3E6A-4485-BD0F-F070104243EC}.Debug|Any CPU.Build.0 = Debug|Any CPU
		{7ED5D32B-3E6A-4485-BD0F-F070104243EC}.Release|Any CPU.ActiveCfg = Release|Any CPU
		{7ED5D32B-3E6A-4485-BD0F-F070104243EC}.Release|Any CPU.Build.0 = Release|Any CPU
	EndGlobalSection
	GlobalSection(SolutionProperties) = preSolution
		HideSolutionNode = FALSE
	EndGlobalSection
	GlobalSection(ExtensibilityGlobals) = postSolution
		SolutionGuid = {5301FAB6-05CF-405E-B55A-952AA6A556FE}
	EndGlobalSection
EndGlobal
