
Microsoft Visual Studio Solution File, Format Version 12.00
# Visual Studio Version 17
VisualStudioVersion = 17.6.33801.468
MinimumVisualStudioVersion = 10.0.40219.1
Project("{FAE04EC0-301F-11D3-BF4B-00C04F79EFBC}") = "06-AppPedidos", "06-AppPedidos\06-AppPedidos.csproj", "{607E0F77-CE96-4EA0-AA41-A45F69722447}"
EndProject
Project("{FAE04EC0-301F-11D3-BF4B-00C04F79EFBC}") = "06-libPedidos", "06-libPedidos\06-libPedidos.csproj", "{B621759C-26E4-48F5-B2E9-FAABE9158426}"
EndProject
Global
	GlobalSection(SolutionConfigurationPlatforms) = preSolution
		Debug|Any CPU = Debug|Any CPU
		Release|Any CPU = Release|Any CPU
	EndGlobalSection
	GlobalSection(ProjectConfigurationPlatforms) = postSolution
		{607E0F77-CE96-4EA0-AA41-A45F69722447}.Debug|Any CPU.ActiveCfg = Debug|Any CPU
		{607E0F77-CE96-4EA0-AA41-A45F69722447}.Debug|Any CPU.Build.0 = Debug|Any CPU
		{607E0F77-CE96-4EA0-AA41-A45F69722447}.Release|Any CPU.ActiveCfg = Release|Any CPU
		{607E0F77-CE96-4EA0-AA41-A45F69722447}.Release|Any CPU.Build.0 = Release|Any CPU
		{B621759C-26E4-48F5-B2E9-FAABE9158426}.Debug|Any CPU.ActiveCfg = Debug|Any CPU
		{B621759C-26E4-48F5-B2E9-FAABE9158426}.Debug|Any CPU.Build.0 = Debug|Any CPU
		{B621759C-26E4-48F5-B2E9-FAABE9158426}.Release|Any CPU.ActiveCfg = Release|Any CPU
		{B621759C-26E4-48F5-B2E9-FAABE9158426}.Release|Any CPU.Build.0 = Release|Any CPU
	EndGlobalSection
	GlobalSection(SolutionProperties) = preSolution
		HideSolutionNode = FALSE
	EndGlobalSection
	GlobalSection(ExtensibilityGlobals) = postSolution
		SolutionGuid = {80757DD3-29CE-4169-AB70-42E184C3471A}
	EndGlobalSection
EndGlobal
